
Microsoft Visual Studio Solution File, Format Version 12.00
# Visual Studio Version 17
VisualStudioVersion = 17.4.33103.184
MinimumVisualStudioVersion = 10.0.40219.1
Project("{FAE04EC0-301F-11D3-BF4B-00C04F79EFBC}") = "Bee_1154_Idades", "Bee_1154_Idades\Bee_1154_Idades.csproj", "{5E519C73-77F5-477B-AA5A-6B5335B253FD}"
EndProject
Global
	GlobalSection(SolutionConfigurationPlatforms) = preSolution
		Debug|Any CPU = Debug|Any CPU
		Release|Any CPU = Release|Any CPU
	EndGlobalSection
	GlobalSection(ProjectConfigurationPlatforms) = postSolution
		{5E519C73-77F5-477B-AA5A-6B5335B253FD}.Debug|Any CPU.ActiveCfg = Debug|Any CPU
		{5E519C73-77F5-477B-AA5A-6B5335B253FD}.Debug|Any CPU.Build.0 = Debug|Any CPU
		{5E519C73-77F5-477B-AA5A-6B5335B253FD}.Release|Any CPU.ActiveCfg = Release|Any CPU
		{5E519C73-77F5-477B-AA5A-6B5335B253FD}.Release|Any CPU.Build.0 = Release|Any CPU
	EndGlobalSection
	GlobalSection(SolutionProperties) = preSolution
		HideSolutionNode = FALSE
	EndGlobalSection
	GlobalSection(ExtensibilityGlobals) = postSolution
		SolutionGuid = {F504D6EC-398F-4DA6-823A-4D3D5144B330}
	EndGlobalSection
EndGlobal
