
Microsoft Visual Studio Solution File, Format Version 12.00
# Visual Studio Version 17
VisualStudioVersion = 17.4.33103.184
MinimumVisualStudioVersion = 10.0.40219.1
Project("{FAE04EC0-301F-11D3-BF4B-00C04F79EFBC}") = "Bee_1052_Mes", "Bee_1052_Mes\Bee_1052_Mes.csproj", "{E22E0C4D-7643-4E8B-B889-69C087206F10}"
EndProject
Global
	GlobalSection(SolutionConfigurationPlatforms) = preSolution
		Debug|Any CPU = Debug|Any CPU
		Release|Any CPU = Release|Any CPU
	EndGlobalSection
	GlobalSection(ProjectConfigurationPlatforms) = postSolution
		{E22E0C4D-7643-4E8B-B889-69C087206F10}.Debug|Any CPU.ActiveCfg = Debug|Any CPU
		{E22E0C4D-7643-4E8B-B889-69C087206F10}.Debug|Any CPU.Build.0 = Debug|Any CPU
		{E22E0C4D-7643-4E8B-B889-69C087206F10}.Release|Any CPU.ActiveCfg = Release|Any CPU
		{E22E0C4D-7643-4E8B-B889-69C087206F10}.Release|Any CPU.Build.0 = Release|Any CPU
	EndGlobalSection
	GlobalSection(SolutionProperties) = preSolution
		HideSolutionNode = FALSE
	EndGlobalSection
	GlobalSection(ExtensibilityGlobals) = postSolution
		SolutionGuid = {64293C95-E393-49B4-8EC3-1EE3EC8AD8CA}
	EndGlobalSection
EndGlobal
