
Microsoft Visual Studio Solution File, Format Version 12.00
# Visual Studio Version 17
VisualStudioVersion = 17.4.33103.184
MinimumVisualStudioVersion = 10.0.40219.1
Project("{FAE04EC0-301F-11D3-BF4B-00C04F79EFBC}") = "Bee_1185_AcimaDiagonalSecundaria", "Bee_1185_AcimaDiagonalSecundaria\Bee_1185_AcimaDiagonalSecundaria.csproj", "{701304DD-A99D-4B8F-BA3F-CD3F3DABF599}"
EndProject
Global
	GlobalSection(SolutionConfigurationPlatforms) = preSolution
		Debug|Any CPU = Debug|Any CPU
		Release|Any CPU = Release|Any CPU
	EndGlobalSection
	GlobalSection(ProjectConfigurationPlatforms) = postSolution
		{701304DD-A99D-4B8F-BA3F-CD3F3DABF599}.Debug|Any CPU.ActiveCfg = Debug|Any CPU
		{701304DD-A99D-4B8F-BA3F-CD3F3DABF599}.Debug|Any CPU.Build.0 = Debug|Any CPU
		{701304DD-A99D-4B8F-BA3F-CD3F3DABF599}.Release|Any CPU.ActiveCfg = Release|Any CPU
		{701304DD-A99D-4B8F-BA3F-CD3F3DABF599}.Release|Any CPU.Build.0 = Release|Any CPU
	EndGlobalSection
	GlobalSection(SolutionProperties) = preSolution
		HideSolutionNode = FALSE
	EndGlobalSection
	GlobalSection(ExtensibilityGlobals) = postSolution
		SolutionGuid = {4EC099B1-3ABE-4ED3-9257-BB77515FCC53}
	EndGlobalSection
EndGlobal
