
Microsoft Visual Studio Solution File, Format Version 12.00
# Visual Studio Version 17
VisualStudioVersion = 17.4.33103.184
MinimumVisualStudioVersion = 10.0.40219.1
Project("{FAE04EC0-301F-11D3-BF4B-00C04F79EFBC}") = "GastoCombustivel_1017", "GastoCombustivel_1017\GastoCombustivel_1017.csproj", "{A6BF131E-9B4A-4E0B-A7B5-06F52CFBF26A}"
EndProject
Global
	GlobalSection(SolutionConfigurationPlatforms) = preSolution
		Debug|Any CPU = Debug|Any CPU
		Release|Any CPU = Release|Any CPU
	EndGlobalSection
	GlobalSection(ProjectConfigurationPlatforms) = postSolution
		{A6BF131E-9B4A-4E0B-A7B5-06F52CFBF26A}.Debug|Any CPU.ActiveCfg = Debug|Any CPU
		{A6BF131E-9B4A-4E0B-A7B5-06F52CFBF26A}.Debug|Any CPU.Build.0 = Debug|Any CPU
		{A6BF131E-9B4A-4E0B-A7B5-06F52CFBF26A}.Release|Any CPU.ActiveCfg = Release|Any CPU
		{A6BF131E-9B4A-4E0B-A7B5-06F52CFBF26A}.Release|Any CPU.Build.0 = Release|Any CPU
	EndGlobalSection
	GlobalSection(SolutionProperties) = preSolution
		HideSolutionNode = FALSE
	EndGlobalSection
	GlobalSection(ExtensibilityGlobals) = postSolution
		SolutionGuid = {685D79B1-790A-435F-9AA6-DED460226EFB}
	EndGlobalSection
EndGlobal
