
Microsoft Visual Studio Solution File, Format Version 12.00
# Visual Studio Version 17
VisualStudioVersion = 17.4.33103.184
MinimumVisualStudioVersion = 10.0.40219.1
Project("{FAE04EC0-301F-11D3-BF4B-00C04F79EFBC}") = "Exercicio_Aula_21_11_22", "Exercicio_Aula_21_11_22\Exercicio_Aula_21_11_22.csproj", "{5694F170-C3B6-45A3-8BDB-09E1C30931A7}"
EndProject
Global
	GlobalSection(SolutionConfigurationPlatforms) = preSolution
		Debug|Any CPU = Debug|Any CPU
		Release|Any CPU = Release|Any CPU
	EndGlobalSection
	GlobalSection(ProjectConfigurationPlatforms) = postSolution
		{5694F170-C3B6-45A3-8BDB-09E1C30931A7}.Debug|Any CPU.ActiveCfg = Debug|Any CPU
		{5694F170-C3B6-45A3-8BDB-09E1C30931A7}.Debug|Any CPU.Build.0 = Debug|Any CPU
		{5694F170-C3B6-45A3-8BDB-09E1C30931A7}.Release|Any CPU.ActiveCfg = Release|Any CPU
		{5694F170-C3B6-45A3-8BDB-09E1C30931A7}.Release|Any CPU.Build.0 = Release|Any CPU
	EndGlobalSection
	GlobalSection(SolutionProperties) = preSolution
		HideSolutionNode = FALSE
	EndGlobalSection
	GlobalSection(ExtensibilityGlobals) = postSolution
		SolutionGuid = {2465FE9F-7C5A-4BFB-B33D-A0D35CCF86BD}
	EndGlobalSection
EndGlobal
