
Microsoft Visual Studio Solution File, Format Version 12.00
# Visual Studio Version 17
VisualStudioVersion = 17.4.33103.184
MinimumVisualStudioVersion = 10.0.40219.1
Project("{FAE04EC0-301F-11D3-BF4B-00C04F79EFBC}") = "Bee_2407_QuadradoMagico", "Bee_2407_QuadradoMagico\Bee_2407_QuadradoMagico.csproj", "{DFF39585-8C8A-4185-B2CE-9F532DEDEBE6}"
EndProject
Global
	GlobalSection(SolutionConfigurationPlatforms) = preSolution
		Debug|Any CPU = Debug|Any CPU
		Release|Any CPU = Release|Any CPU
	EndGlobalSection
	GlobalSection(ProjectConfigurationPlatforms) = postSolution
		{DFF39585-8C8A-4185-B2CE-9F532DEDEBE6}.Debug|Any CPU.ActiveCfg = Debug|Any CPU
		{DFF39585-8C8A-4185-B2CE-9F532DEDEBE6}.Debug|Any CPU.Build.0 = Debug|Any CPU
		{DFF39585-8C8A-4185-B2CE-9F532DEDEBE6}.Release|Any CPU.ActiveCfg = Release|Any CPU
		{DFF39585-8C8A-4185-B2CE-9F532DEDEBE6}.Release|Any CPU.Build.0 = Release|Any CPU
	EndGlobalSection
	GlobalSection(SolutionProperties) = preSolution
		HideSolutionNode = FALSE
	EndGlobalSection
	GlobalSection(ExtensibilityGlobals) = postSolution
		SolutionGuid = {6E85FC98-A41D-43D9-A456-664365BE3B14}
	EndGlobalSection
EndGlobal
