
Microsoft Visual Studio Solution File, Format Version 12.00
# Visual Studio Version 17
VisualStudioVersion = 17.4.33103.184
MinimumVisualStudioVersion = 10.0.40219.1
Project("{FAE04EC0-301F-11D3-BF4B-00C04F79EFBC}") = "Bee_1183_AcimaDiagonalPrincipal", "Bee_1183_AcimaDiagonalPrincipal\Bee_1183_AcimaDiagonalPrincipal.csproj", "{EDEC0789-D6F4-475D-A48B-0690A21D0111}"
EndProject
Global
	GlobalSection(SolutionConfigurationPlatforms) = preSolution
		Debug|Any CPU = Debug|Any CPU
		Release|Any CPU = Release|Any CPU
	EndGlobalSection
	GlobalSection(ProjectConfigurationPlatforms) = postSolution
		{EDEC0789-D6F4-475D-A48B-0690A21D0111}.Debug|Any CPU.ActiveCfg = Debug|Any CPU
		{EDEC0789-D6F4-475D-A48B-0690A21D0111}.Debug|Any CPU.Build.0 = Debug|Any CPU
		{EDEC0789-D6F4-475D-A48B-0690A21D0111}.Release|Any CPU.ActiveCfg = Release|Any CPU
		{EDEC0789-D6F4-475D-A48B-0690A21D0111}.Release|Any CPU.Build.0 = Release|Any CPU
	EndGlobalSection
	GlobalSection(SolutionProperties) = preSolution
		HideSolutionNode = FALSE
	EndGlobalSection
	GlobalSection(ExtensibilityGlobals) = postSolution
		SolutionGuid = {C0D7EF80-A6F0-40E4-8B39-78345F1AF552}
	EndGlobalSection
EndGlobal
