
Microsoft Visual Studio Solution File, Format Version 12.00
# Visual Studio Version 17
VisualStudioVersion = 17.4.33103.184
MinimumVisualStudioVersion = 10.0.40219.1
Project("{FAE04EC0-301F-11D3-BF4B-00C04F79EFBC}") = "Bee_1065_ParesCincoNumeros", "Bee_1065_ParesCincoNumeros\Bee_1065_ParesCincoNumeros.csproj", "{37989AF5-346B-4FF6-9135-CA8FD501FC21}"
EndProject
Global
	GlobalSection(SolutionConfigurationPlatforms) = preSolution
		Debug|Any CPU = Debug|Any CPU
		Release|Any CPU = Release|Any CPU
	EndGlobalSection
	GlobalSection(ProjectConfigurationPlatforms) = postSolution
		{37989AF5-346B-4FF6-9135-CA8FD501FC21}.Debug|Any CPU.ActiveCfg = Debug|Any CPU
		{37989AF5-346B-4FF6-9135-CA8FD501FC21}.Debug|Any CPU.Build.0 = Debug|Any CPU
		{37989AF5-346B-4FF6-9135-CA8FD501FC21}.Release|Any CPU.ActiveCfg = Release|Any CPU
		{37989AF5-346B-4FF6-9135-CA8FD501FC21}.Release|Any CPU.Build.0 = Release|Any CPU
	EndGlobalSection
	GlobalSection(SolutionProperties) = preSolution
		HideSolutionNode = FALSE
	EndGlobalSection
	GlobalSection(ExtensibilityGlobals) = postSolution
		SolutionGuid = {C54616FB-1C01-410E-97A1-B5DFA002457D}
	EndGlobalSection
EndGlobal
