
Microsoft Visual Studio Solution File, Format Version 12.00
# Visual Studio Version 17
VisualStudioVersion = 17.4.33103.184
MinimumVisualStudioVersion = 10.0.40219.1
Project("{FAE04EC0-301F-11D3-BF4B-00C04F79EFBC}") = "Bee_1187_AreaSuperior", "Bee_1187_AreaSuperior\Bee_1187_AreaSuperior.csproj", "{6F59593B-6EE9-4468-B5EF-6D7FDEE77FC0}"
EndProject
Global
	GlobalSection(SolutionConfigurationPlatforms) = preSolution
		Debug|Any CPU = Debug|Any CPU
		Release|Any CPU = Release|Any CPU
	EndGlobalSection
	GlobalSection(ProjectConfigurationPlatforms) = postSolution
		{6F59593B-6EE9-4468-B5EF-6D7FDEE77FC0}.Debug|Any CPU.ActiveCfg = Debug|Any CPU
		{6F59593B-6EE9-4468-B5EF-6D7FDEE77FC0}.Debug|Any CPU.Build.0 = Debug|Any CPU
		{6F59593B-6EE9-4468-B5EF-6D7FDEE77FC0}.Release|Any CPU.ActiveCfg = Release|Any CPU
		{6F59593B-6EE9-4468-B5EF-6D7FDEE77FC0}.Release|Any CPU.Build.0 = Release|Any CPU
	EndGlobalSection
	GlobalSection(SolutionProperties) = preSolution
		HideSolutionNode = FALSE
	EndGlobalSection
	GlobalSection(ExtensibilityGlobals) = postSolution
		SolutionGuid = {0776497B-577F-4D1E-88F2-E401D599EAA1}
	EndGlobalSection
EndGlobal
