
Microsoft Visual Studio Solution File, Format Version 12.00
# Visual Studio Version 17
VisualStudioVersion = 17.4.33103.184
MinimumVisualStudioVersion = 10.0.40219.1
Project("{FAE04EC0-301F-11D3-BF4B-00C04F79EFBC}") = "Bee_1049_Animal", "Bee_1049_Animal\Bee_1049_Animal.csproj", "{92DC8270-3A5E-416C-9A75-22574669DBE6}"
EndProject
Global
	GlobalSection(SolutionConfigurationPlatforms) = preSolution
		Debug|Any CPU = Debug|Any CPU
		Release|Any CPU = Release|Any CPU
	EndGlobalSection
	GlobalSection(ProjectConfigurationPlatforms) = postSolution
		{92DC8270-3A5E-416C-9A75-22574669DBE6}.Debug|Any CPU.ActiveCfg = Debug|Any CPU
		{92DC8270-3A5E-416C-9A75-22574669DBE6}.Debug|Any CPU.Build.0 = Debug|Any CPU
		{92DC8270-3A5E-416C-9A75-22574669DBE6}.Release|Any CPU.ActiveCfg = Release|Any CPU
		{92DC8270-3A5E-416C-9A75-22574669DBE6}.Release|Any CPU.Build.0 = Release|Any CPU
	EndGlobalSection
	GlobalSection(SolutionProperties) = preSolution
		HideSolutionNode = FALSE
	EndGlobalSection
	GlobalSection(ExtensibilityGlobals) = postSolution
		SolutionGuid = {2630B25E-2009-4E47-80A4-BF998E619CD3}
	EndGlobalSection
EndGlobal
