
Microsoft Visual Studio Solution File, Format Version 12.00
# Visual Studio Version 17
VisualStudioVersion = 17.4.33103.184
MinimumVisualStudioVersion = 10.0.40219.1
Project("{FAE04EC0-301F-11D3-BF4B-00C04F79EFBC}") = "Bee_1181_LinhaMatriz", "Bee_1181_LinhaMatriz\Bee_1181_LinhaMatriz.csproj", "{8BCE463B-D556-4AC7-81EA-AFE8042A9AA2}"
EndProject
Global
	GlobalSection(SolutionConfigurationPlatforms) = preSolution
		Debug|Any CPU = Debug|Any CPU
		Release|Any CPU = Release|Any CPU
	EndGlobalSection
	GlobalSection(ProjectConfigurationPlatforms) = postSolution
		{8BCE463B-D556-4AC7-81EA-AFE8042A9AA2}.Debug|Any CPU.ActiveCfg = Debug|Any CPU
		{8BCE463B-D556-4AC7-81EA-AFE8042A9AA2}.Debug|Any CPU.Build.0 = Debug|Any CPU
		{8BCE463B-D556-4AC7-81EA-AFE8042A9AA2}.Release|Any CPU.ActiveCfg = Release|Any CPU
		{8BCE463B-D556-4AC7-81EA-AFE8042A9AA2}.Release|Any CPU.Build.0 = Release|Any CPU
	EndGlobalSection
	GlobalSection(SolutionProperties) = preSolution
		HideSolutionNode = FALSE
	EndGlobalSection
	GlobalSection(ExtensibilityGlobals) = postSolution
		SolutionGuid = {3BBAC540-56F3-4D0B-BC14-CFCE87965DB8}
	EndGlobalSection
EndGlobal
