
Microsoft Visual Studio Solution File, Format Version 12.00
# Visual Studio Version 17
VisualStudioVersion = 17.4.33103.184
MinimumVisualStudioVersion = 10.0.40219.1
Project("{FAE04EC0-301F-11D3-BF4B-00C04F79EFBC}") = "Bee_1156_SequenciaS2", "Bee_1156_SequenciaS2\Bee_1156_SequenciaS2.csproj", "{3DFB9B06-ABC1-4880-BD28-05F0D5A9D442}"
EndProject
Global
	GlobalSection(SolutionConfigurationPlatforms) = preSolution
		Debug|Any CPU = Debug|Any CPU
		Release|Any CPU = Release|Any CPU
	EndGlobalSection
	GlobalSection(ProjectConfigurationPlatforms) = postSolution
		{3DFB9B06-ABC1-4880-BD28-05F0D5A9D442}.Debug|Any CPU.ActiveCfg = Debug|Any CPU
		{3DFB9B06-ABC1-4880-BD28-05F0D5A9D442}.Debug|Any CPU.Build.0 = Debug|Any CPU
		{3DFB9B06-ABC1-4880-BD28-05F0D5A9D442}.Release|Any CPU.ActiveCfg = Release|Any CPU
		{3DFB9B06-ABC1-4880-BD28-05F0D5A9D442}.Release|Any CPU.Build.0 = Release|Any CPU
	EndGlobalSection
	GlobalSection(SolutionProperties) = preSolution
		HideSolutionNode = FALSE
	EndGlobalSection
	GlobalSection(ExtensibilityGlobals) = postSolution
		SolutionGuid = {28B77E67-6B80-4B94-9DFA-F3B08E1B5626}
	EndGlobalSection
EndGlobal
