
Microsoft Visual Studio Solution File, Format Version 12.00
# Visual Studio Version 17
VisualStudioVersion = 17.4.33103.184
MinimumVisualStudioVersion = 10.0.40219.1
Project("{FAE04EC0-301F-11D3-BF4B-00C04F79EFBC}") = "Bee_1134_TipoCombustivel", "Bee_1134_TipoCombustivel\Bee_1134_TipoCombustivel.csproj", "{A016ADDA-69AF-4452-8A3C-8DC15A6FA6E7}"
EndProject
Global
	GlobalSection(SolutionConfigurationPlatforms) = preSolution
		Debug|Any CPU = Debug|Any CPU
		Release|Any CPU = Release|Any CPU
	EndGlobalSection
	GlobalSection(ProjectConfigurationPlatforms) = postSolution
		{A016ADDA-69AF-4452-8A3C-8DC15A6FA6E7}.Debug|Any CPU.ActiveCfg = Debug|Any CPU
		{A016ADDA-69AF-4452-8A3C-8DC15A6FA6E7}.Debug|Any CPU.Build.0 = Debug|Any CPU
		{A016ADDA-69AF-4452-8A3C-8DC15A6FA6E7}.Release|Any CPU.ActiveCfg = Release|Any CPU
		{A016ADDA-69AF-4452-8A3C-8DC15A6FA6E7}.Release|Any CPU.Build.0 = Release|Any CPU
	EndGlobalSection
	GlobalSection(SolutionProperties) = preSolution
		HideSolutionNode = FALSE
	EndGlobalSection
	GlobalSection(ExtensibilityGlobals) = postSolution
		SolutionGuid = {3327F487-4BB5-4DDF-8E4B-DFFF46C4F836}
	EndGlobalSection
EndGlobal
