
Microsoft Visual Studio Solution File, Format Version 12.00
# Visual Studio Version 17
VisualStudioVersion = 17.4.33103.184
MinimumVisualStudioVersion = 10.0.40219.1
Project("{FAE04EC0-301F-11D3-BF4B-00C04F79EFBC}") = "Bee_1175_TrocaVetor1", "Bee_1175_TrocaVetor1\Bee_1175_TrocaVetor1.csproj", "{DA115228-D37F-4C45-974E-A1ADC77C6D77}"
EndProject
Global
	GlobalSection(SolutionConfigurationPlatforms) = preSolution
		Debug|Any CPU = Debug|Any CPU
		Release|Any CPU = Release|Any CPU
	EndGlobalSection
	GlobalSection(ProjectConfigurationPlatforms) = postSolution
		{DA115228-D37F-4C45-974E-A1ADC77C6D77}.Debug|Any CPU.ActiveCfg = Debug|Any CPU
		{DA115228-D37F-4C45-974E-A1ADC77C6D77}.Debug|Any CPU.Build.0 = Debug|Any CPU
		{DA115228-D37F-4C45-974E-A1ADC77C6D77}.Release|Any CPU.ActiveCfg = Release|Any CPU
		{DA115228-D37F-4C45-974E-A1ADC77C6D77}.Release|Any CPU.Build.0 = Release|Any CPU
	EndGlobalSection
	GlobalSection(SolutionProperties) = preSolution
		HideSolutionNode = FALSE
	EndGlobalSection
	GlobalSection(ExtensibilityGlobals) = postSolution
		SolutionGuid = {85381121-5270-4E7F-B1C1-D4991939FE7C}
	EndGlobalSection
EndGlobal
