
Microsoft Visual Studio Solution File, Format Version 12.00
# Visual Studio Version 17
VisualStudioVersion = 17.4.33103.184
MinimumVisualStudioVersion = 10.0.40219.1
Project("{FAE04EC0-301F-11D3-BF4B-00C04F79EFBC}") = "Bee_1133_RestoDivisao", "Bee_1133_RestoDivisao\Bee_1133_RestoDivisao.csproj", "{D7C1ACAC-91D1-417C-8BD6-498725306E4E}"
EndProject
Global
	GlobalSection(SolutionConfigurationPlatforms) = preSolution
		Debug|Any CPU = Debug|Any CPU
		Release|Any CPU = Release|Any CPU
	EndGlobalSection
	GlobalSection(ProjectConfigurationPlatforms) = postSolution
		{D7C1ACAC-91D1-417C-8BD6-498725306E4E}.Debug|Any CPU.ActiveCfg = Debug|Any CPU
		{D7C1ACAC-91D1-417C-8BD6-498725306E4E}.Debug|Any CPU.Build.0 = Debug|Any CPU
		{D7C1ACAC-91D1-417C-8BD6-498725306E4E}.Release|Any CPU.ActiveCfg = Release|Any CPU
		{D7C1ACAC-91D1-417C-8BD6-498725306E4E}.Release|Any CPU.Build.0 = Release|Any CPU
	EndGlobalSection
	GlobalSection(SolutionProperties) = preSolution
		HideSolutionNode = FALSE
	EndGlobalSection
	GlobalSection(ExtensibilityGlobals) = postSolution
		SolutionGuid = {9368F7E6-E6DF-4FC4-9E3B-9A3791B04CFE}
	EndGlobalSection
EndGlobal
