
Microsoft Visual Studio Solution File, Format Version 12.00
# Visual Studio Version 17
VisualStudioVersion = 17.4.33103.184
MinimumVisualStudioVersion = 10.0.40219.1
Project("{FAE04EC0-301F-11D3-BF4B-00C04F79EFBC}") = "Bee_1142_PUM", "Bee_1142_PUM\Bee_1142_PUM.csproj", "{4354D8F7-458B-443A-AF1B-3CE902C4DFE6}"
EndProject
Global
	GlobalSection(SolutionConfigurationPlatforms) = preSolution
		Debug|Any CPU = Debug|Any CPU
		Release|Any CPU = Release|Any CPU
	EndGlobalSection
	GlobalSection(ProjectConfigurationPlatforms) = postSolution
		{4354D8F7-458B-443A-AF1B-3CE902C4DFE6}.Debug|Any CPU.ActiveCfg = Debug|Any CPU
		{4354D8F7-458B-443A-AF1B-3CE902C4DFE6}.Debug|Any CPU.Build.0 = Debug|Any CPU
		{4354D8F7-458B-443A-AF1B-3CE902C4DFE6}.Release|Any CPU.ActiveCfg = Release|Any CPU
		{4354D8F7-458B-443A-AF1B-3CE902C4DFE6}.Release|Any CPU.Build.0 = Release|Any CPU
	EndGlobalSection
	GlobalSection(SolutionProperties) = preSolution
		HideSolutionNode = FALSE
	EndGlobalSection
	GlobalSection(ExtensibilityGlobals) = postSolution
		SolutionGuid = {19560276-8E70-4B5E-BA3E-4E43FE8F6D01}
	EndGlobalSection
EndGlobal
