
Microsoft Visual Studio Solution File, Format Version 12.00
# Visual Studio Version 17
VisualStudioVersion = 17.4.33103.184
MinimumVisualStudioVersion = 10.0.40219.1
Project("{FAE04EC0-301F-11D3-BF4B-00C04F79EFBC}") = "Bee_1013_CrescenteDecrescente", "Bee_1013_CrescenteDecrescente\Bee_1013_CrescenteDecrescente.csproj", "{79B2C51D-920F-4A67-80CA-3E3A420FE466}"
EndProject
Global
	GlobalSection(SolutionConfigurationPlatforms) = preSolution
		Debug|Any CPU = Debug|Any CPU
		Release|Any CPU = Release|Any CPU
	EndGlobalSection
	GlobalSection(ProjectConfigurationPlatforms) = postSolution
		{79B2C51D-920F-4A67-80CA-3E3A420FE466}.Debug|Any CPU.ActiveCfg = Debug|Any CPU
		{79B2C51D-920F-4A67-80CA-3E3A420FE466}.Debug|Any CPU.Build.0 = Debug|Any CPU
		{79B2C51D-920F-4A67-80CA-3E3A420FE466}.Release|Any CPU.ActiveCfg = Release|Any CPU
		{79B2C51D-920F-4A67-80CA-3E3A420FE466}.Release|Any CPU.Build.0 = Release|Any CPU
	EndGlobalSection
	GlobalSection(SolutionProperties) = preSolution
		HideSolutionNode = FALSE
	EndGlobalSection
	GlobalSection(ExtensibilityGlobals) = postSolution
		SolutionGuid = {AAFA8B38-8C38-4267-B40E-F984AB5657C3}
	EndGlobalSection
EndGlobal
