
Microsoft Visual Studio Solution File, Format Version 12.00
# Visual Studio Version 17
VisualStudioVersion = 17.4.33103.184
MinimumVisualStudioVersion = 10.0.40219.1
Project("{FAE04EC0-301F-11D3-BF4B-00C04F79EFBC}") = "Bee_1074_ParImpar", "Bee_1074_ParImpar\Bee_1074_ParImpar.csproj", "{F0981534-FBCA-4941-9928-7334D48D45D7}"
EndProject
Global
	GlobalSection(SolutionConfigurationPlatforms) = preSolution
		Debug|Any CPU = Debug|Any CPU
		Release|Any CPU = Release|Any CPU
	EndGlobalSection
	GlobalSection(ProjectConfigurationPlatforms) = postSolution
		{F0981534-FBCA-4941-9928-7334D48D45D7}.Debug|Any CPU.ActiveCfg = Debug|Any CPU
		{F0981534-FBCA-4941-9928-7334D48D45D7}.Debug|Any CPU.Build.0 = Debug|Any CPU
		{F0981534-FBCA-4941-9928-7334D48D45D7}.Release|Any CPU.ActiveCfg = Release|Any CPU
		{F0981534-FBCA-4941-9928-7334D48D45D7}.Release|Any CPU.Build.0 = Release|Any CPU
	EndGlobalSection
	GlobalSection(SolutionProperties) = preSolution
		HideSolutionNode = FALSE
	EndGlobalSection
	GlobalSection(ExtensibilityGlobals) = postSolution
		SolutionGuid = {8E16A4B9-7887-4DDB-9132-D18E736F6FBE}
	EndGlobalSection
EndGlobal
