
Microsoft Visual Studio Solution File, Format Version 12.00
# Visual Studio Version 17
VisualStudioVersion = 17.4.33103.184
MinimumVisualStudioVersion = 10.0.40219.1
Project("{FAE04EC0-301F-11D3-BF4B-00C04F79EFBC}") = "Bee_1165_NumeroPrimo", "Bee_1165_NumeroPrimo\Bee_1165_NumeroPrimo.csproj", "{6A0BA72D-7B75-4948-B5A1-B2CAC2ED86D3}"
EndProject
Global
	GlobalSection(SolutionConfigurationPlatforms) = preSolution
		Debug|Any CPU = Debug|Any CPU
		Release|Any CPU = Release|Any CPU
	EndGlobalSection
	GlobalSection(ProjectConfigurationPlatforms) = postSolution
		{6A0BA72D-7B75-4948-B5A1-B2CAC2ED86D3}.Debug|Any CPU.ActiveCfg = Debug|Any CPU
		{6A0BA72D-7B75-4948-B5A1-B2CAC2ED86D3}.Debug|Any CPU.Build.0 = Debug|Any CPU
		{6A0BA72D-7B75-4948-B5A1-B2CAC2ED86D3}.Release|Any CPU.ActiveCfg = Release|Any CPU
		{6A0BA72D-7B75-4948-B5A1-B2CAC2ED86D3}.Release|Any CPU.Build.0 = Release|Any CPU
	EndGlobalSection
	GlobalSection(SolutionProperties) = preSolution
		HideSolutionNode = FALSE
	EndGlobalSection
	GlobalSection(ExtensibilityGlobals) = postSolution
		SolutionGuid = {95A83641-CF01-4506-AD79-89A1300457B9}
	EndGlobalSection
EndGlobal
