
Microsoft Visual Studio Solution File, Format Version 12.00
# Visual Studio Version 17
VisualStudioVersion = 17.4.33103.184
MinimumVisualStudioVersion = 10.0.40219.1
Project("{FAE04EC0-301F-11D3-BF4B-00C04F79EFBC}") = "Diferenca_1007", "Diferenca_1007\Diferenca_1007.csproj", "{08C82A8B-D0AC-4B43-91C7-18CE94D1AF33}"
EndProject
Global
	GlobalSection(SolutionConfigurationPlatforms) = preSolution
		Debug|Any CPU = Debug|Any CPU
		Release|Any CPU = Release|Any CPU
	EndGlobalSection
	GlobalSection(ProjectConfigurationPlatforms) = postSolution
		{08C82A8B-D0AC-4B43-91C7-18CE94D1AF33}.Debug|Any CPU.ActiveCfg = Debug|Any CPU
		{08C82A8B-D0AC-4B43-91C7-18CE94D1AF33}.Debug|Any CPU.Build.0 = Debug|Any CPU
		{08C82A8B-D0AC-4B43-91C7-18CE94D1AF33}.Release|Any CPU.ActiveCfg = Release|Any CPU
		{08C82A8B-D0AC-4B43-91C7-18CE94D1AF33}.Release|Any CPU.Build.0 = Release|Any CPU
	EndGlobalSection
	GlobalSection(SolutionProperties) = preSolution
		HideSolutionNode = FALSE
	EndGlobalSection
	GlobalSection(ExtensibilityGlobals) = postSolution
		SolutionGuid = {BE7123D0-7861-45F4-9EA1-F2EC8AFB53C1}
	EndGlobalSection
EndGlobal
