
Microsoft Visual Studio Solution File, Format Version 12.00
# Visual Studio Version 17
VisualStudioVersion = 17.4.33103.184
MinimumVisualStudioVersion = 10.0.40219.1
Project("{FAE04EC0-301F-11D3-BF4B-00C04F79EFBC}") = "Bee_1179_PreenchimentoVetor4", "Bee_1179_PreenchimentoVetor4\Bee_1179_PreenchimentoVetor4.csproj", "{3432C478-5B37-4E68-9CD9-925510D6992A}"
EndProject
Global
	GlobalSection(SolutionConfigurationPlatforms) = preSolution
		Debug|Any CPU = Debug|Any CPU
		Release|Any CPU = Release|Any CPU
	EndGlobalSection
	GlobalSection(ProjectConfigurationPlatforms) = postSolution
		{3432C478-5B37-4E68-9CD9-925510D6992A}.Debug|Any CPU.ActiveCfg = Debug|Any CPU
		{3432C478-5B37-4E68-9CD9-925510D6992A}.Debug|Any CPU.Build.0 = Debug|Any CPU
		{3432C478-5B37-4E68-9CD9-925510D6992A}.Release|Any CPU.ActiveCfg = Release|Any CPU
		{3432C478-5B37-4E68-9CD9-925510D6992A}.Release|Any CPU.Build.0 = Release|Any CPU
	EndGlobalSection
	GlobalSection(SolutionProperties) = preSolution
		HideSolutionNode = FALSE
	EndGlobalSection
	GlobalSection(ExtensibilityGlobals) = postSolution
		SolutionGuid = {494FD0D9-C45B-4713-83C2-FA10128D37F2}
	EndGlobalSection
EndGlobal
