
Microsoft Visual Studio Solution File, Format Version 12.00
# Visual Studio Version 17
VisualStudioVersion = 17.4.33103.184
MinimumVisualStudioVersion = 10.0.40219.1
Project("{FAE04EC0-301F-11D3-BF4B-00C04F79EFBC}") = "Bee_1155_SequenciaS", "Bee_1155_SequenciaS\Bee_1155_SequenciaS.csproj", "{863B02D9-0EEE-48F6-BDEA-147A113604F6}"
EndProject
Global
	GlobalSection(SolutionConfigurationPlatforms) = preSolution
		Debug|Any CPU = Debug|Any CPU
		Release|Any CPU = Release|Any CPU
	EndGlobalSection
	GlobalSection(ProjectConfigurationPlatforms) = postSolution
		{863B02D9-0EEE-48F6-BDEA-147A113604F6}.Debug|Any CPU.ActiveCfg = Debug|Any CPU
		{863B02D9-0EEE-48F6-BDEA-147A113604F6}.Debug|Any CPU.Build.0 = Debug|Any CPU
		{863B02D9-0EEE-48F6-BDEA-147A113604F6}.Release|Any CPU.ActiveCfg = Release|Any CPU
		{863B02D9-0EEE-48F6-BDEA-147A113604F6}.Release|Any CPU.Build.0 = Release|Any CPU
	EndGlobalSection
	GlobalSection(SolutionProperties) = preSolution
		HideSolutionNode = FALSE
	EndGlobalSection
	GlobalSection(ExtensibilityGlobals) = postSolution
		SolutionGuid = {5A9D9E54-850A-4BE5-A1AF-BBDD524B5B90}
	EndGlobalSection
EndGlobal
